
Microsoft Visual Studio Solution File, Format Version 12.00
# Visual Studio Version 17
VisualStudioVersion = 17.5.33516.290
MinimumVisualStudioVersion = 10.0.40219.1
Project("{FAE04EC0-301F-11D3-BF4B-00C04F79EFBC}") = "Api-intro", "Api-intro\Api-intro.csproj", "{BE01D3A3-4495-4FC1-A315-D5BE100DBD5C}"
EndProject
Project("{FAE04EC0-301F-11D3-BF4B-00C04F79EFBC}") = "Domain", "Domain\Domain.csproj", "{A0E0BD5C-2476-4773-822B-EF31346A0656}"
EndProject
Project("{FAE04EC0-301F-11D3-BF4B-00C04F79EFBC}") = "Repository", "Repository\Repository.csproj", "{323C9EEF-39BE-430B-9490-7BC3E2F0F691}"
EndProject
Global
	GlobalSection(SolutionConfigurationPlatforms) = preSolution
		Debug|Any CPU = Debug|Any CPU
		Release|Any CPU = Release|Any CPU
	EndGlobalSection
	GlobalSection(ProjectConfigurationPlatforms) = postSolution
		{BE01D3A3-4495-4FC1-A315-D5BE100DBD5C}.Debug|Any CPU.ActiveCfg = Debug|Any CPU
		{BE01D3A3-4495-4FC1-A315-D5BE100DBD5C}.Debug|Any CPU.Build.0 = Debug|Any CPU
		{BE01D3A3-4495-4FC1-A315-D5BE100DBD5C}.Release|Any CPU.ActiveCfg = Release|Any CPU
		{BE01D3A3-4495-4FC1-A315-D5BE100DBD5C}.Release|Any CPU.Build.0 = Release|Any CPU
		{A0E0BD5C-2476-4773-822B-EF31346A0656}.Debug|Any CPU.ActiveCfg = Debug|Any CPU
		{A0E0BD5C-2476-4773-822B-EF31346A0656}.Debug|Any CPU.Build.0 = Debug|Any CPU
		{A0E0BD5C-2476-4773-822B-EF31346A0656}.Release|Any CPU.ActiveCfg = Release|Any CPU
		{A0E0BD5C-2476-4773-822B-EF31346A0656}.Release|Any CPU.Build.0 = Release|Any CPU
		{323C9EEF-39BE-430B-9490-7BC3E2F0F691}.Debug|Any CPU.ActiveCfg = Debug|Any CPU
		{323C9EEF-39BE-430B-9490-7BC3E2F0F691}.Debug|Any CPU.Build.0 = Debug|Any CPU
		{323C9EEF-39BE-430B-9490-7BC3E2F0F691}.Release|Any CPU.ActiveCfg = Release|Any CPU
		{323C9EEF-39BE-430B-9490-7BC3E2F0F691}.Release|Any CPU.Build.0 = Release|Any CPU
	EndGlobalSection
	GlobalSection(SolutionProperties) = preSolution
		HideSolutionNode = FALSE
	EndGlobalSection
	GlobalSection(ExtensibilityGlobals) = postSolution
		SolutionGuid = {A720FB12-8E06-4BFD-8170-79EC47648A6F}
	EndGlobalSection
EndGlobal
